
Microsoft Visual Studio Solution File, Format Version 12.00
# Visual Studio Version 17
VisualStudioVersion = 17.7.34221.43
MinimumVisualStudioVersion = 10.0.40219.1
Project("{FAE04EC0-301F-11D3-BF4B-00C04F79EFBC}") = "EFCoreTest", "EFCoreTest\EFCoreTest.csproj", "{A7C37FCB-4981-4252-B9AB-72982CC7A2A8}"
EndProject
Global
	GlobalSection(SolutionConfigurationPlatforms) = preSolution
		Debug|Any CPU = Debug|Any CPU
		Release|Any CPU = Release|Any CPU
	EndGlobalSection
	GlobalSection(ProjectConfigurationPlatforms) = postSolution
		{A7C37FCB-4981-4252-B9AB-72982CC7A2A8}.Debug|Any CPU.ActiveCfg = Debug|Any CPU
		{A7C37FCB-4981-4252-B9AB-72982CC7A2A8}.Debug|Any CPU.Build.0 = Debug|Any CPU
		{A7C37FCB-4981-4252-B9AB-72982CC7A2A8}.Release|Any CPU.ActiveCfg = Release|Any CPU
		{A7C37FCB-4981-4252-B9AB-72982CC7A2A8}.Release|Any CPU.Build.0 = Release|Any CPU
	EndGlobalSection
	GlobalSection(SolutionProperties) = preSolution
		HideSolutionNode = FALSE
	EndGlobalSection
	GlobalSection(ExtensibilityGlobals) = postSolution
		SolutionGuid = {5DFBACB5-310C-4CBC-9736-3A6CCADC5814}
	EndGlobalSection
EndGlobal
